<Solution>
  <Project Path="E-CommerceWebsiteSystem/E-CommerceWebsiteSystem.csproj" Id="f7e87330-f5e9-48df-865c-763f608b54ce" />
  <Project Path="Flight Management System/Flight Management System.csproj" Id="def7cf93-1510-4afa-913b-51ee490413d7" />
  <Project Path="UniversityManagementSystem/UniversityManagementSystem.csproj" Id="06c5ccdf-0c43-40f9-ab87-858d05a6a285" />
</Solution>
